{
  "name": "todaysoverview",
  "version": "1.0.0",
  "lockfileVersion": 1,
  "requires": true,
  "dependencies": {
    "axios": {
      "version": "0.23.0",
      "resolved": "https://registry.npmjs.org/axios/-/axios-0.23.0.tgz",
      "integrity": "sha512-NmvAE4i0YAv5cKq8zlDoPd1VLKAqX5oLuZKs8xkJa4qi6RGn0uhCYFjWtHHC9EM/MwOwYWOs53W+V0aqEXq1sg==",
      "requires": {
        "follow-redirects": "^1.14.4"
      }
    },
    "dompurify": {
      "version": "2.3.3",
      "resolved": "https://registry.npmjs.org/dompurify/-/dompurify-2.3.3.tgz",
      "integrity": "sha512-dqnqRkPMAjOZE0FogZ+ceJNM2dZ3V/yNOuFB7+39qpO93hHhfRpHw3heYQC7DPK9FqbQTfBKUJhiSfz4MvXYwg=="
    },
    "follow-redirects": {
      "version": "1.14.4",
      "resolved": "https://registry.npmjs.org/follow-redirects/-/follow-redirects-1.14.4.tgz",
      "integrity": "sha512-zwGkiSXC1MUJG/qmeIFH2HBJx9u0V46QGUe3YR1fXG8bXQxq7fLj0RjLZQ5nubr9qNJUZrH+xUcwXEoXNpfS+g=="
    },
    "fullcalendar": {
      "version": "5.10.1",
      "resolved": "https://registry.npmjs.org/fullcalendar/-/fullcalendar-5.10.1.tgz",
      "integrity": "sha512-0jgDxiWRuC36MzAUK3+Equmu4R0+vAPEtttsXLX9GNNDUHEZ5HjcH+dUtWut4vlJtxGJgVZ+eZ76/7qhcu+RMA=="
    },
    "tui-calendar": {
      "version": "1.15.0",
      "resolved": "https://registry.npmjs.org/tui-calendar/-/tui-calendar-1.15.0.tgz",
      "integrity": "sha512-pCfYGC0v90Vu9C36mMS95o8mONzyrXy+lruM3/WEOGykYVacSqTxbNNiduwOP9Q8vsPYtvam5ArbpccsGrjd5Q==",
      "requires": {
        "dompurify": "^2.3.1",
        "tui-code-snippet": "^1.5.0",
        "tui-date-picker": "^4.3.0",
        "tui-time-picker": "^2.1.4"
      }
    },
    "tui-code-snippet": {
      "version": "1.5.2",
      "resolved": "https://registry.npmjs.org/tui-code-snippet/-/tui-code-snippet-1.5.2.tgz",
      "integrity": "sha512-6UqTlQaaC1KLcmC0HAoq5dtl1G4Fib+R+NC7pmaV7kiIlZ7JqKhUmnOoGRcreAyzd81UTK/vCvhrw9QJskpCFQ=="
    },
    "tui-date-picker": {
      "version": "4.3.1",
      "resolved": "https://registry.npmjs.org/tui-date-picker/-/tui-date-picker-4.3.1.tgz",
      "integrity": "sha512-LMXdiM6cXau4NVw3/1T4ltaLk2PZAn2RbRtVUPN30Zg905t9Ab+OJ8EgeEgLVW9osvLuO9raW63l7YwiT50v6Q==",
      "requires": {
        "tui-time-picker": "^2.1.3"
      }
    },
    "tui-time-picker": {
      "version": "2.1.4",
      "resolved": "https://registry.npmjs.org/tui-time-picker/-/tui-time-picker-2.1.4.tgz",
      "integrity": "sha512-gqCasZgniE8slP83h3pUnSXyVWBBi7T+9gi0+RxB6ld6l2hgPuVax8o82ysz02pvQ5bEkfPP3sG1caeU+iH0Sw=="
    }
  }
}
